
Microsoft Visual Studio Solution File, Format Version 12.00
# Visual Studio 15
VisualStudioVersion = 15.0.27703.2042
MinimumVisualStudioVersion = 10.0.40219.1
Project("{FAE04EC0-301F-11D3-BF4B-00C04F79EFBC}") = "TravEx WebApp", "TravEx WebApp\TravEx WebApp.csproj", "{334D9B7B-8D14-4AF8-94C1-09E2F3CBD15D}"
EndProject
Global
	GlobalSection(SolutionConfigurationPlatforms) = preSolution
		Debug|Any CPU = Debug|Any CPU
		Release|Any CPU = Release|Any CPU
	EndGlobalSection
	GlobalSection(ProjectConfigurationPlatforms) = postSolution
		{334D9B7B-8D14-4AF8-94C1-09E2F3CBD15D}.Debug|Any CPU.ActiveCfg = Debug|Any CPU
		{334D9B7B-8D14-4AF8-94C1-09E2F3CBD15D}.Debug|Any CPU.Build.0 = Debug|Any CPU
		{334D9B7B-8D14-4AF8-94C1-09E2F3CBD15D}.Release|Any CPU.ActiveCfg = Release|Any CPU
		{334D9B7B-8D14-4AF8-94C1-09E2F3CBD15D}.Release|Any CPU.Build.0 = Release|Any CPU
	EndGlobalSection
	GlobalSection(SolutionProperties) = preSolution
		HideSolutionNode = FALSE
	EndGlobalSection
	GlobalSection(ExtensibilityGlobals) = postSolution
		SolutionGuid = {A226FF1D-9EB9-4F02-859C-0E58A9AD8CE7}
	EndGlobalSection
EndGlobal
